
Microsoft Visual Studio Solution File, Format Version 12.00
# Visual Studio Version 16
VisualStudioVersion = 16.0.35130.168
MinimumVisualStudioVersion = 10.0.40219.1
Project("{FAE04EC0-301F-11D3-BF4B-00C04F79EFBC}") = "ExamenParcial2", "ExamenParcial2\ExamenParcial2.csproj", "{87620748-B30B-4D9B-8EBF-67AFD9BE5088}"
EndProject
Global
	GlobalSection(SolutionConfigurationPlatforms) = preSolution
		Debug|Any CPU = Debug|Any CPU
		Release|Any CPU = Release|Any CPU
	EndGlobalSection
	GlobalSection(ProjectConfigurationPlatforms) = postSolution
		{87620748-B30B-4D9B-8EBF-67AFD9BE5088}.Debug|Any CPU.ActiveCfg = Debug|Any CPU
		{87620748-B30B-4D9B-8EBF-67AFD9BE5088}.Debug|Any CPU.Build.0 = Debug|Any CPU
		{87620748-B30B-4D9B-8EBF-67AFD9BE5088}.Release|Any CPU.ActiveCfg = Release|Any CPU
		{87620748-B30B-4D9B-8EBF-67AFD9BE5088}.Release|Any CPU.Build.0 = Release|Any CPU
	EndGlobalSection
	GlobalSection(SolutionProperties) = preSolution
		HideSolutionNode = FALSE
	EndGlobalSection
	GlobalSection(ExtensibilityGlobals) = postSolution
		SolutionGuid = {5CFF2D69-B32A-400F-B71C-7CC70FBCBCB0}
	EndGlobalSection
EndGlobal
